
Microsoft Visual Studio Solution File, Format Version 12.00
# Visual Studio Version 17
VisualStudioVersion = 17.9.34616.47
MinimumVisualStudioVersion = 10.0.40219.1
Project("{FAE04EC0-301F-11D3-BF4B-00C04F79EFBC}") = "AppiumAndroidGitHubRepoBrowser", "AppiumAndroidGitHubRepoBrowser\AppiumAndroidGitHubRepoBrowser.csproj", "{B673C868-9866-4EC7-AA14-59AC56289E71}"
EndProject
Global
	GlobalSection(SolutionConfigurationPlatforms) = preSolution
		Debug|Any CPU = Debug|Any CPU
		Release|Any CPU = Release|Any CPU
	EndGlobalSection
	GlobalSection(ProjectConfigurationPlatforms) = postSolution
		{B673C868-9866-4EC7-AA14-59AC56289E71}.Debug|Any CPU.ActiveCfg = Debug|Any CPU
		{B673C868-9866-4EC7-AA14-59AC56289E71}.Debug|Any CPU.Build.0 = Debug|Any CPU
		{B673C868-9866-4EC7-AA14-59AC56289E71}.Release|Any CPU.ActiveCfg = Release|Any CPU
		{B673C868-9866-4EC7-AA14-59AC56289E71}.Release|Any CPU.Build.0 = Release|Any CPU
	EndGlobalSection
	GlobalSection(SolutionProperties) = preSolution
		HideSolutionNode = FALSE
	EndGlobalSection
	GlobalSection(ExtensibilityGlobals) = postSolution
		SolutionGuid = {F9D3C176-736A-453C-A009-B5CCAA877BB9}
	EndGlobalSection
EndGlobal
